
Microsoft Visual Studio Solution File, Format Version 12.00
# Visual Studio 14
VisualStudioVersion = 14.0.25420.1
MinimumVisualStudioVersion = 10.0.40219.1
Project("{FAE04EC0-301F-11D3-BF4B-00C04F79EFBC}") = "decomplex", "decomplex\decomplex.csproj", "{5BDEE4F0-9EC3-44DD-9A32-396A614C3571}"
EndProject
Project("{FAE04EC0-301F-11D3-BF4B-00C04F79EFBC}") = "decomplex.Tests", "decomplex.Tests\decomplex.Tests.csproj", "{A8A720DE-D3C6-41C7-A136-66E97FCBEE3A}"
EndProject
Global
	GlobalSection(SolutionConfigurationPlatforms) = preSolution
		Debug|Any CPU = Debug|Any CPU
		Release|Any CPU = Release|Any CPU
	EndGlobalSection
	GlobalSection(ProjectConfigurationPlatforms) = postSolution
		{5BDEE4F0-9EC3-44DD-9A32-396A614C3571}.Debug|Any CPU.ActiveCfg = Debug|Any CPU
		{5BDEE4F0-9EC3-44DD-9A32-396A614C3571}.Debug|Any CPU.Build.0 = Debug|Any CPU
		{5BDEE4F0-9EC3-44DD-9A32-396A614C3571}.Release|Any CPU.ActiveCfg = Release|Any CPU
		{5BDEE4F0-9EC3-44DD-9A32-396A614C3571}.Release|Any CPU.Build.0 = Release|Any CPU
		{A8A720DE-D3C6-41C7-A136-66E97FCBEE3A}.Debug|Any CPU.ActiveCfg = Debug|Any CPU
		{A8A720DE-D3C6-41C7-A136-66E97FCBEE3A}.Debug|Any CPU.Build.0 = Debug|Any CPU
		{A8A720DE-D3C6-41C7-A136-66E97FCBEE3A}.Release|Any CPU.ActiveCfg = Release|Any CPU
		{A8A720DE-D3C6-41C7-A136-66E97FCBEE3A}.Release|Any CPU.Build.0 = Release|Any CPU
	EndGlobalSection
	GlobalSection(SolutionProperties) = preSolution
		HideSolutionNode = FALSE
	EndGlobalSection
EndGlobal
